schema: '2.0'
stages:
  dataset:
    cmd: python src/dataset.py
    deps:
    - path: src/dataset.py
      hash: md5
      md5: b7450a370f131e37fe21cd71337cd1ea
      size: 2840
    params:
      params.yaml:
        dataset.test_size: 0.2
    outs:
    - path: data/interim
      hash: md5
      md5: f508f5f2cfb3fcc116235f0993dd2e00.dir
      size: 520443
      nfiles: 2
  features:
    cmd: python src/features.py
    deps:
    - path: data/interim
      hash: md5
      md5: f508f5f2cfb3fcc116235f0993dd2e00.dir
      size: 520443
      nfiles: 2
    - path: src/features.py
      hash: md5
      md5: fceb03182a0c8990363ea30c8d5e6051
      size: 2265
    outs:
    - path: data/processed
      hash: md5
      md5: 71e1730e61de1c04b642b2b7d2fb2ce2.dir
      size: 545356
      nfiles: 2
  modeling_train:
    cmd: python src/modeling/train.py
    deps:
    - path: data/processed
      hash: md5
      md5: 71e1730e61de1c04b642b2b7d2fb2ce2.dir
      size: 545356
      nfiles: 2
    - path: src/modeling/train.py
      hash: md5
      md5: c0542b6c7ae961fdcb793807f417c535
      size: 3166
    params:
      params.yaml:
        model_train.max_depth: 20
        model_train.min_samples_leaf: 2
        model_train.min_samples_split: 10
        model_train.n_estimators: 300
    outs:
    - path: models/model.pkl
      hash: md5
      md5: 03c8fc0b1d6d8991193221e1d232ed61
      size: 11238744
  model_predict:
    cmd: python src/modeling/predict.py
    deps:
    - path: models/model.pkl
      hash: md5
      md5: 03c8fc0b1d6d8991193221e1d232ed61
      size: 11238744
    - path: src/modeling/predict.py
      hash: md5
      md5: 8d2725ade7a69b9a7d2f413028a64e91
      size: 4616
    outs:
    - path: reports/metrics.json
      hash: md5
      md5: 04b378aea9c25d89d0df1e450e9cced4
      size: 145
