schema: '2.0'
stages:
  dataset:
    cmd: python src/dataset.py
    deps:
    - path: src/dataset.py
      hash: md5
      md5: 84dc7ad67fcb4a36e6511e5bde40c0f6
      size: 2683
    params:
      params.yaml:
        dataset.test_size: 0.2
    outs:
    - path: data/interim
      hash: md5
      md5: f508f5f2cfb3fcc116235f0993dd2e00.dir
      size: 520443
      nfiles: 2
  features:
    cmd: python src/features.py
    deps:
    - path: data/interim
      hash: md5
      md5: f508f5f2cfb3fcc116235f0993dd2e00.dir
      size: 520443
      nfiles: 2
    - path: src/features.py
      hash: md5
      md5: c50a5451e052c4318a77aa01e89c8aa7
      size: 2263
    outs:
    - path: data/processed
      hash: md5
      md5: 71e1730e61de1c04b642b2b7d2fb2ce2.dir
      size: 545356
      nfiles: 2
  modeling_train:
    cmd: python src/modeling/train.py
    deps:
    - path: data/processed
      hash: md5
      md5: 71e1730e61de1c04b642b2b7d2fb2ce2.dir
      size: 545356
      nfiles: 2
    - path: src/modeling/train.py
      hash: md5
      md5: 337247def8cbf92d6aef18fa8d7a6af1
      size: 3167
    params:
      params.yaml:
        model_train.max_depth: 20
        model_train.min_samples_leaf: 2
        model_train.min_samples_split: 5
        model_train.n_estimators: 300
    outs:
    - path: models/model.pkl
      hash: md5
      md5: cc2db5f8b75372365f0838c59765f3f3
      size: 15534604
  model_predict:
    cmd: python src/modeling/predict.py
    deps:
    - path: models/model.pkl
      hash: md5
      md5: cc2db5f8b75372365f0838c59765f3f3
      size: 15534604
    - path: src/modeling/predict.py
      hash: md5
      md5: c3077a426ceb0592b39f5e1560b180f0
      size: 3964
    outs:
    - path: reports/metrics.json
      hash: md5
      md5: 266ad75baccf88ea7be53e8f4f917dca
      size: 144
